// !$*UTF8*$!
{
	archiveVersion = 1;
	classes = {
	};
	objectVersion = 46;
	objects = {

/* Begin PBXBuildFile section */
		1F336E781CB4638900F957AC /* TestViewController.m in Sources */ = {isa = PBXBuildFile; fileRef = 1F336E771CB4638900F957AC /* TestViewController.m */; };
		1F8171941CBDC2A1008A1563 /* Podfile in Resources */ = {isa = PBXBuildFile; fileRef = 1F8171931CBDC2A1008A1563 /* Podfile */; };
		1F8F742B1CBED2000056127D /* Constants.m in Sources */ = {isa = PBXBuildFile; fileRef = 1F8F742A1CBED2000056127D /* Constants.m */; };
		1F8F74331CBEEE200056127D /* DraggableView.m in Sources */ = {isa = PBXBuildFile; fileRef = 1F8F742E1CBEEE200056127D /* DraggableView.m */; };
		1F8F74341CBEEE200056127D /* DraggableViewBackground.m in Sources */ = {isa = PBXBuildFile; fileRef = 1F8F74301CBEEE200056127D /* DraggableViewBackground.m */; };
		1F8F74351CBEEE200056127D /* OverlayView.m in Sources */ = {isa = PBXBuildFile; fileRef = 1F8F74321CBEEE200056127D /* OverlayView.m */; };
		1F9CD5F31CC6B220000359A8 /* libAFNetworking.a in Frameworks */ = {isa = PBXBuildFile; fileRef = 1F9CD5E81CC6B220000359A8 /* libAFNetworking.a */; };
		1F9CD5F41CC6B220000359A8 /* libBolts.a in Frameworks */ = {isa = PBXBuildFile; fileRef = 1F9CD5E91CC6B220000359A8 /* libBolts.a */; };
		1F9CD5F51CC6B220000359A8 /* libDACircularProgress.a in Frameworks */ = {isa = PBXBuildFile; fileRef = 1F9CD5EA1CC6B220000359A8 /* libDACircularProgress.a */; };
		1F9CD5F61CC6B220000359A8 /* libFBSDKCoreKit.a in Frameworks */ = {isa = PBXBuildFile; fileRef = 1F9CD5EB1CC6B220000359A8 /* libFBSDKCoreKit.a */; };
		1F9CD5F71CC6B220000359A8 /* libFBSDKLoginKit.a in Frameworks */ = {isa = PBXBuildFile; fileRef = 1F9CD5EC1CC6B220000359A8 /* libFBSDKLoginKit.a */; };
		1F9CD5F81CC6B220000359A8 /* libFBSDKShareKit.a in Frameworks */ = {isa = PBXBuildFile; fileRef = 1F9CD5ED1CC6B220000359A8 /* libFBSDKShareKit.a */; };
		1F9CD5F91CC6B220000359A8 /* libJSONModel.a in Frameworks */ = {isa = PBXBuildFile; fileRef = 1F9CD5EE1CC6B220000359A8 /* libJSONModel.a */; };
		1F9CD5FA1CC6B220000359A8 /* libMBProgressHUD.a in Frameworks */ = {isa = PBXBuildFile; fileRef = 1F9CD5EF1CC6B220000359A8 /* libMBProgressHUD.a */; };
		1F9CD5FB1CC6B220000359A8 /* libMWPhotoBrowser.a in Frameworks */ = {isa = PBXBuildFile; fileRef = 1F9CD5F01CC6B220000359A8 /* libMWPhotoBrowser.a */; };
		1F9CD5FC1CC6B220000359A8 /* libPods.a in Frameworks */ = {isa = PBXBuildFile; fileRef = 1F9CD5F11CC6B220000359A8 /* libPods.a */; };
		1F9CD5FD1CC6B220000359A8 /* libSDWebImage.a in Frameworks */ = {isa = PBXBuildFile; fileRef = 1F9CD5F21CC6B220000359A8 /* libSDWebImage.a */; };
		1FDCD7491CBEC7B700B99F19 /* SwipeViewController.m in Sources */ = {isa = PBXBuildFile; fileRef = 1FDCD7481CBEC7B700B99F19 /* SwipeViewController.m */; };
		E40A7B491CB4D59000D54F93 /* MZPhoto.m in Sources */ = {isa = PBXBuildFile; fileRef = E40A7B481CB4D59000D54F93 /* MZPhoto.m */; };
		E42008651CC6B7C50025F9F4 /* AsyncImageView.m in Sources */ = {isa = PBXBuildFile; fileRef = E42008641CC6B7C50025F9F4 /* AsyncImageView.m */; };
		E42008681CC741510025F9F4 /* CustomPhotoCaptionView.m in Sources */ = {isa = PBXBuildFile; fileRef = E42008671CC741510025F9F4 /* CustomPhotoCaptionView.m */; };
		E4B548171CA9D398004EA764 /* main.m in Sources */ = {isa = PBXBuildFile; fileRef = E4B548161CA9D398004EA764 /* main.m */; };
		E4B5481A1CA9D398004EA764 /* AppDelegate.m in Sources */ = {isa = PBXBuildFile; fileRef = E4B548191CA9D398004EA764 /* AppDelegate.m */; };
		E4B5481D1CA9D398004EA764 /* LoginViewController.m in Sources */ = {isa = PBXBuildFile; fileRef = E4B5481C1CA9D398004EA764 /* LoginViewController.m */; };
		E4B548201CA9D398004EA764 /* Main.storyboard in Resources */ = {isa = PBXBuildFile; fileRef = E4B5481E1CA9D398004EA764 /* Main.storyboard */; };
		E4B548221CA9D398004EA764 /* Assets.xcassets in Resources */ = {isa = PBXBuildFile; fileRef = E4B548211CA9D398004EA764 /* Assets.xcassets */; };
		E4B548301CA9D398004EA764 /* RateMyFashionTests.m in Sources */ = {isa = PBXBuildFile; fileRef = E4B5482F1CA9D398004EA764 /* RateMyFashionTests.m */; };
		E4B5483B1CA9D398004EA764 /* RateMyFashionUITests.m in Sources */ = {isa = PBXBuildFile; fileRef = E4B5483A1CA9D398004EA764 /* RateMyFashionUITests.m */; };
		E4B54A111CAA2686004EA764 /* LaunchScreen.storyboard in Resources */ = {isa = PBXBuildFile; fileRef = E4B54A101CAA2686004EA764 /* LaunchScreen.storyboard */; };
		E4B54A171CAA2A8F004EA764 /* MZUser.m in Sources */ = {isa = PBXBuildFile; fileRef = E4B54A161CAA2A8F004EA764 /* MZUser.m */; };
		E4D591871CB6CCCA00649F80 /* MZApi.m in Sources */ = {isa = PBXBuildFile; fileRef = E4D591861CB6CCCA00649F80 /* MZApi.m */; };
		E4FE75441CC9E3B700B66D68 /* SWRevealViewController.m in Sources */ = {isa = PBXBuildFile; fileRef = E4FE75431CC9E3B700B66D68 /* SWRevealViewController.m */; };
		E4FE75491CC9EB9600B66D68 /* SideBarViewController.m in Sources */ = {isa = PBXBuildFile; fileRef = E4FE75481CC9EB9600B66D68 /* SideBarViewController.m */; };
/* End PBXBuildFile section */

/* Begin PBXContainerItemProxy section */
		E4B5482C1CA9D398004EA764 /* PBXContainerItemProxy */ = {
			isa = PBXContainerItemProxy;
			containerPortal = E4B5480A1CA9D397004EA764 /* Project object */;
			proxyType = 1;
			remoteGlobalIDString = E4B548111CA9D397004EA764;
			remoteInfo = RateMyFashion;
		};
		E4B548371CA9D398004EA764 /* PBXContainerItemProxy */ = {
			isa = PBXContainerItemProxy;
			containerPortal = E4B5480A1CA9D397004EA764 /* Project object */;
			proxyType = 1;
			remoteGlobalIDString = E4B548111CA9D397004EA764;
			remoteInfo = RateMyFashion;
		};
/* End PBXContainerItemProxy section */

/* Begin PBXFileReference section */
		04C661822A84B4777F024E51 /* Pods.release.xcconfig */ = {isa = PBXFileReference; includeInIndex = 1; lastKnownFileType = text.xcconfig; name = Pods.release.xcconfig; path = "Pods/Target Support Files/Pods/Pods.release.xcconfig"; sourceTree = "<group>"; };
		1F336E761CB4638900F957AC /* TestViewController.h */ = {isa = PBXFileReference; fileEncoding = 4; lastKnownFileType = sourcecode.c.h; path = TestViewController.h; sourceTree = "<group>"; };
		1F336E771CB4638900F957AC /* TestViewController.m */ = {isa = PBXFileReference; fileEncoding = 4; lastKnownFileType = sourcecode.c.objc; path = TestViewController.m; sourceTree = "<group>"; };
		1F8171931CBDC2A1008A1563 /* Podfile */ = {isa = PBXFileReference; fileEncoding = 4; lastKnownFileType = text; path = Podfile; sourceTree = SOURCE_ROOT; };
		1F8F742A1CBED2000056127D /* Constants.m */ = {isa = PBXFileReference; fileEncoding = 4; lastKnownFileType = sourcecode.c.objc; path = Constants.m; sourceTree = "<group>"; };
		1F8F742D1CBEEE200056127D /* DraggableView.h */ = {isa = PBXFileReference; fileEncoding = 4; lastKnownFileType = sourcecode.c.h; path = DraggableView.h; sourceTree = "<group>"; };
		1F8F742E1CBEEE200056127D /* DraggableView.m */ = {isa = PBXFileReference; fileEncoding = 4; lastKnownFileType = sourcecode.c.objc; path = DraggableView.m; sourceTree = "<group>"; };
		1F8F742F1CBEEE200056127D /* DraggableViewBackground.h */ = {isa = PBXFileReference; fileEncoding = 4; lastKnownFileType = sourcecode.c.h; path = DraggableViewBackground.h; sourceTree = "<group>"; };
		1F8F74301CBEEE200056127D /* DraggableViewBackground.m */ = {isa = PBXFileReference; fileEncoding = 4; lastKnownFileType = sourcecode.c.objc; path = DraggableViewBackground.m; sourceTree = "<group>"; };
		1F8F74311CBEEE200056127D /* OverlayView.h */ = {isa = PBXFileReference; fileEncoding = 4; lastKnownFileType = sourcecode.c.h; path = OverlayView.h; sourceTree = "<group>"; };
		1F8F74321CBEEE200056127D /* OverlayView.m */ = {isa = PBXFileReference; fileEncoding = 4; lastKnownFileType = sourcecode.c.objc; path = OverlayView.m; sourceTree = "<group>"; };
		1F9CD5E81CC6B220000359A8 /* libAFNetworking.a */ = {isa = PBXFileReference; lastKnownFileType = archive.ar; name = libAFNetworking.a; path = "Pods/../build/Release-iphoneos/libAFNetworking.a"; sourceTree = "<group>"; };
		1F9CD5E91CC6B220000359A8 /* libBolts.a */ = {isa = PBXFileReference; lastKnownFileType = archive.ar; name = libBolts.a; path = "Pods/../build/Release-iphoneos/libBolts.a"; sourceTree = "<group>"; };
		1F9CD5EA1CC6B220000359A8 /* libDACircularProgress.a */ = {isa = PBXFileReference; lastKnownFileType = archive.ar; name = libDACircularProgress.a; path = "../../../Library/Developer/Xcode/DerivedData/RateMyFashion-gixryigrlbohyegbmsfwjocfomiu/Build/Products/Debug-iphonesimulator/libDACircularProgress.a"; sourceTree = "<group>"; };
		1F9CD5EB1CC6B220000359A8 /* libFBSDKCoreKit.a */ = {isa = PBXFileReference; lastKnownFileType = archive.ar; name = libFBSDKCoreKit.a; path = "Pods/../build/Release-iphoneos/libFBSDKCoreKit.a"; sourceTree = "<group>"; };
		1F9CD5EC1CC6B220000359A8 /* libFBSDKLoginKit.a */ = {isa = PBXFileReference; lastKnownFileType = archive.ar; name = libFBSDKLoginKit.a; path = "Pods/../build/Release-iphoneos/libFBSDKLoginKit.a"; sourceTree = "<group>"; };
		1F9CD5ED1CC6B220000359A8 /* libFBSDKShareKit.a */ = {isa = PBXFileReference; lastKnownFileType = archive.ar; name = libFBSDKShareKit.a; path = "Pods/../build/Release-iphoneos/libFBSDKShareKit.a"; sourceTree = "<group>"; };
		1F9CD5EE1CC6B220000359A8 /* libJSONModel.a */ = {isa = PBXFileReference; lastKnownFileType = archive.ar; name = libJSONModel.a; path = "Pods/../build/Release-iphoneos/libJSONModel.a"; sourceTree = "<group>"; };
		1F9CD5EF1CC6B220000359A8 /* libMBProgressHUD.a */ = {isa = PBXFileReference; lastKnownFileType = archive.ar; name = libMBProgressHUD.a; path = "../../../Library/Developer/Xcode/DerivedData/RateMyFashion-gixryigrlbohyegbmsfwjocfomiu/Build/Products/Debug-iphonesimulator/libMBProgressHUD.a"; sourceTree = "<group>"; };
		1F9CD5F01CC6B220000359A8 /* libMWPhotoBrowser.a */ = {isa = PBXFileReference; lastKnownFileType = archive.ar; name = libMWPhotoBrowser.a; path = "../../../Library/Developer/Xcode/DerivedData/RateMyFashion-gixryigrlbohyegbmsfwjocfomiu/Build/Products/Debug-iphonesimulator/libMWPhotoBrowser.a"; sourceTree = "<group>"; };
		1F9CD5F11CC6B220000359A8 /* libPods.a */ = {isa = PBXFileReference; lastKnownFileType = archive.ar; name = libPods.a; path = "../../../Library/Developer/Xcode/DerivedData/RateMyFashion-gixryigrlbohyegbmsfwjocfomiu/Build/Products/Debug-iphonesimulator/libPods.a"; sourceTree = "<group>"; };
		1F9CD5F21CC6B220000359A8 /* libSDWebImage.a */ = {isa = PBXFileReference; lastKnownFileType = archive.ar; name = libSDWebImage.a; path = "../../../Library/Developer/Xcode/DerivedData/RateMyFashion-gixryigrlbohyegbmsfwjocfomiu/Build/Products/Debug-iphonesimulator/libSDWebImage.a"; sourceTree = "<group>"; };
		1FDCD7471CBEC7B700B99F19 /* SwipeViewController.h */ = {isa = PBXFileReference; fileEncoding = 4; lastKnownFileType = sourcecode.c.h; path = SwipeViewController.h; sourceTree = "<group>"; };
		1FDCD7481CBEC7B700B99F19 /* SwipeViewController.m */ = {isa = PBXFileReference; fileEncoding = 4; lastKnownFileType = sourcecode.c.objc; path = SwipeViewController.m; sourceTree = "<group>"; };
		B33E940CA5E99B3F953B3482 /* Pods.debug.xcconfig */ = {isa = PBXFileReference; includeInIndex = 1; lastKnownFileType = text.xcconfig; name = Pods.debug.xcconfig; path = "Pods/Target Support Files/Pods/Pods.debug.xcconfig"; sourceTree = "<group>"; };
		E40811A41CB5F6F30052441D /* Constants.h */ = {isa = PBXFileReference; lastKnownFileType = sourcecode.c.h; path = Constants.h; sourceTree = "<group>"; };
		E40A7B471CB4D59000D54F93 /* MZPhoto.h */ = {isa = PBXFileReference; fileEncoding = 4; lastKnownFileType = sourcecode.c.h; path = MZPhoto.h; sourceTree = "<group>"; };
		E40A7B481CB4D59000D54F93 /* MZPhoto.m */ = {isa = PBXFileReference; fileEncoding = 4; lastKnownFileType = sourcecode.c.objc; path = MZPhoto.m; sourceTree = "<group>"; };
		E42008631CC6B7C50025F9F4 /* AsyncImageView.h */ = {isa = PBXFileReference; fileEncoding = 4; lastKnownFileType = sourcecode.c.h; path = AsyncImageView.h; sourceTree = "<group>"; };
		E42008641CC6B7C50025F9F4 /* AsyncImageView.m */ = {isa = PBXFileReference; fileEncoding = 4; lastKnownFileType = sourcecode.c.objc; path = AsyncImageView.m; sourceTree = "<group>"; };
		E42008661CC741510025F9F4 /* CustomPhotoCaptionView.h */ = {isa = PBXFileReference; fileEncoding = 4; lastKnownFileType = sourcecode.c.h; path = CustomPhotoCaptionView.h; sourceTree = "<group>"; };
		E42008671CC741510025F9F4 /* CustomPhotoCaptionView.m */ = {isa = PBXFileReference; fileEncoding = 4; lastKnownFileType = sourcecode.c.objc; path = CustomPhotoCaptionView.m; sourceTree = "<group>"; };
		E4B548121CA9D397004EA764 /* RateMyFashion.app */ = {isa = PBXFileReference; explicitFileType = wrapper.application; includeInIndex = 0; path = RateMyFashion.app; sourceTree = BUILT_PRODUCTS_DIR; };
		E4B548161CA9D398004EA764 /* main.m */ = {isa = PBXFileReference; lastKnownFileType = sourcecode.c.objc; path = main.m; sourceTree = "<group>"; };
		E4B548181CA9D398004EA764 /* AppDelegate.h */ = {isa = PBXFileReference; lastKnownFileType = sourcecode.c.h; path = AppDelegate.h; sourceTree = "<group>"; };
		E4B548191CA9D398004EA764 /* AppDelegate.m */ = {isa = PBXFileReference; lastKnownFileType = sourcecode.c.objc; path = AppDelegate.m; sourceTree = "<group>"; };
		E4B5481B1CA9D398004EA764 /* LoginViewController.h */ = {isa = PBXFileReference; lastKnownFileType = sourcecode.c.h; path = LoginViewController.h; sourceTree = "<group>"; };
		E4B5481C1CA9D398004EA764 /* LoginViewController.m */ = {isa = PBXFileReference; lastKnownFileType = sourcecode.c.objc; path = LoginViewController.m; sourceTree = "<group>"; };
		E4B5481F1CA9D398004EA764 /* Base */ = {isa = PBXFileReference; lastKnownFileType = file.storyboard; name = Base; path = Base.lproj/Main.storyboard; sourceTree = "<group>"; };
		E4B548211CA9D398004EA764 /* Assets.xcassets */ = {isa = PBXFileReference; lastKnownFileType = folder.assetcatalog; path = Assets.xcassets; sourceTree = "<group>"; };
		E4B548261CA9D398004EA764 /* Info.plist */ = {isa = PBXFileReference; lastKnownFileType = text.plist.xml; path = Info.plist; sourceTree = "<group>"; };
		E4B5482B1CA9D398004EA764 /* RateMyFashionTests.xctest */ = {isa = PBXFileReference; explicitFileType = wrapper.cfbundle; includeInIndex = 0; path = RateMyFashionTests.xctest; sourceTree = BUILT_PRODUCTS_DIR; };
		E4B5482F1CA9D398004EA764 /* RateMyFashionTests.m */ = {isa = PBXFileReference; lastKnownFileType = sourcecode.c.objc; path = RateMyFashionTests.m; sourceTree = "<group>"; };
		E4B548311CA9D398004EA764 /* Info.plist */ = {isa = PBXFileReference; lastKnownFileType = text.plist.xml; path = Info.plist; sourceTree = "<group>"; };
		E4B548361CA9D398004EA764 /* RateMyFashionUITests.xctest */ = {isa = PBXFileReference; explicitFileType = wrapper.cfbundle; includeInIndex = 0; path = RateMyFashionUITests.xctest; sourceTree = BUILT_PRODUCTS_DIR; };
		E4B5483A1CA9D398004EA764 /* RateMyFashionUITests.m */ = {isa = PBXFileReference; lastKnownFileType = sourcecode.c.objc; path = RateMyFashionUITests.m; sourceTree = "<group>"; };
		E4B5483C1CA9D398004EA764 /* Info.plist */ = {isa = PBXFileReference; lastKnownFileType = text.plist.xml; path = Info.plist; sourceTree = "<group>"; };
		E4B54A101CAA2686004EA764 /* LaunchScreen.storyboard */ = {isa = PBXFileReference; fileEncoding = 4; lastKnownFileType = file.storyboard; path = LaunchScreen.storyboard; sourceTree = "<group>"; };
		E4B54A151CAA2A8F004EA764 /* MZUser.h */ = {isa = PBXFileReference; fileEncoding = 4; lastKnownFileType = sourcecode.c.h; path = MZUser.h; sourceTree = "<group>"; };
		E4B54A161CAA2A8F004EA764 /* MZUser.m */ = {isa = PBXFileReference; fileEncoding = 4; lastKnownFileType = sourcecode.c.objc; path = MZUser.m; sourceTree = "<group>"; };
		E4D591851CB6CCCA00649F80 /* MZApi.h */ = {isa = PBXFileReference; fileEncoding = 4; lastKnownFileType = sourcecode.c.h; path = MZApi.h; sourceTree = "<group>"; };
		E4D591861CB6CCCA00649F80 /* MZApi.m */ = {isa = PBXFileReference; fileEncoding = 4; lastKnownFileType = sourcecode.c.objc; path = MZApi.m; sourceTree = "<group>"; };
		E4FE75421CC9E3B700B66D68 /* SWRevealViewController.h */ = {isa = PBXFileReference; fileEncoding = 4; lastKnownFileType = sourcecode.c.h; name = SWRevealViewController.h; path = "../../../Downloads/SWRevealViewController-master/SWRevealViewController/SWRevealViewController.h"; sourceTree = "<group>"; };
		E4FE75431CC9E3B700B66D68 /* SWRevealViewController.m */ = {isa = PBXFileReference; fileEncoding = 4; lastKnownFileType = sourcecode.c.objc; name = SWRevealViewController.m; path = "../../../Downloads/SWRevealViewController-master/SWRevealViewController/SWRevealViewController.m"; sourceTree = "<group>"; };
		E4FE75471CC9EB9600B66D68 /* SideBarViewController.h */ = {isa = PBXFileReference; fileEncoding = 4; lastKnownFileType = sourcecode.c.h; path = SideBarViewController.h; sourceTree = "<group>"; };
		E4FE75481CC9EB9600B66D68 /* SideBarViewController.m */ = {isa = PBXFileReference; fileEncoding = 4; lastKnownFileType = sourcecode.c.objc; path = SideBarViewController.m; sourceTree = "<group>"; };
/* End PBXFileReference section */

/* Begin PBXFrameworksBuildPhase section */
		E4B5480F1CA9D397004EA764 /* Frameworks */ = {
			isa = PBXFrameworksBuildPhase;
			buildActionMask = 2147483647;
			files = (
				1F9CD5F31CC6B220000359A8 /* libAFNetworking.a in Frameworks */,
				1F9CD5F41CC6B220000359A8 /* libBolts.a in Frameworks */,
				1F9CD5F51CC6B220000359A8 /* libDACircularProgress.a in Frameworks */,
				1F9CD5F61CC6B220000359A8 /* libFBSDKCoreKit.a in Frameworks */,
				1F9CD5F71CC6B220000359A8 /* libFBSDKLoginKit.a in Frameworks */,
				1F9CD5F81CC6B220000359A8 /* libFBSDKShareKit.a in Frameworks */,
				1F9CD5F91CC6B220000359A8 /* libJSONModel.a in Frameworks */,
				1F9CD5FA1CC6B220000359A8 /* libMBProgressHUD.a in Frameworks */,
				1F9CD5FB1CC6B220000359A8 /* libMWPhotoBrowser.a in Frameworks */,
				1F9CD5FC1CC6B220000359A8 /* libPods.a in Frameworks */,
				1F9CD5FD1CC6B220000359A8 /* libSDWebImage.a in Frameworks */,
			);
			runOnlyForDeploymentPostprocessing = 0;
		};
		E4B548281CA9D398004EA764 /* Frameworks */ = {
			isa = PBXFrameworksBuildPhase;
			buildActionMask = 2147483647;
			files = (
			);
			runOnlyForDeploymentPostprocessing = 0;
		};
		E4B548331CA9D398004EA764 /* Frameworks */ = {
			isa = PBXFrameworksBuildPhase;
			buildActionMask = 2147483647;
			files = (
			);
			runOnlyForDeploymentPostprocessing = 0;
		};
/* End PBXFrameworksBuildPhase section */

/* Begin PBXGroup section */
		1F336E6F1CB45F1900F957AC /* Frameworks */ = {
			isa = PBXGroup;
			children = (
				1F9CD5E81CC6B220000359A8 /* libAFNetworking.a */,
				E42008611CC6B7C50025F9F4 /* AsyncImageView */,
				1F9CD5E91CC6B220000359A8 /* libBolts.a */,
				1F9CD5EA1CC6B220000359A8 /* libDACircularProgress.a */,
				1F9CD5EB1CC6B220000359A8 /* libFBSDKCoreKit.a */,
				1F9CD5EC1CC6B220000359A8 /* libFBSDKLoginKit.a */,
				1F9CD5ED1CC6B220000359A8 /* libFBSDKShareKit.a */,
				1F9CD5EE1CC6B220000359A8 /* libJSONModel.a */,
				1F9CD5EF1CC6B220000359A8 /* libMBProgressHUD.a */,
				1F9CD5F01CC6B220000359A8 /* libMWPhotoBrowser.a */,
				1F9CD5F11CC6B220000359A8 /* libPods.a */,
				1F9CD5F21CC6B220000359A8 /* libSDWebImage.a */,
			);
			name = Frameworks;
			sourceTree = "<group>";
		};
		1F8F742C1CBEEE200056127D /* TinderSwipe */ = {
			isa = PBXGroup;
			children = (
				1F8F742D1CBEEE200056127D /* DraggableView.h */,
				1F8F742E1CBEEE200056127D /* DraggableView.m */,
				1F8F742F1CBEEE200056127D /* DraggableViewBackground.h */,
				1F8F74301CBEEE200056127D /* DraggableViewBackground.m */,
				1F8F74311CBEEE200056127D /* OverlayView.h */,
				1F8F74321CBEEE200056127D /* OverlayView.m */,
			);
			path = TinderSwipe;
			sourceTree = "<group>";
		};
		77E9AA9C7F36897C785EFEEA /* Pods */ = {
			isa = PBXGroup;
			children = (
				B33E940CA5E99B3F953B3482 /* Pods.debug.xcconfig */,
				04C661822A84B4777F024E51 /* Pods.release.xcconfig */,
			);
			name = Pods;
			sourceTree = "<group>";
		};
		E42008611CC6B7C50025F9F4 /* AsyncImageView */ = {
			isa = PBXGroup;
			children = (
				E42008621CC6B7C50025F9F4 /* AsyncImageView */,
			);
			name = AsyncImageView;
			path = ../../Documents/AsyncImageView;
			sourceTree = "<group>";
		};
		E42008621CC6B7C50025F9F4 /* AsyncImageView */ = {
			isa = PBXGroup;
			children = (
				E42008631CC6B7C50025F9F4 /* AsyncImageView.h */,
				E42008641CC6B7C50025F9F4 /* AsyncImageView.m */,
			);
			path = AsyncImageView;
			sourceTree = "<group>";
		};
		E4B548091CA9D397004EA764 = {
			isa = PBXGroup;
			children = (
				1F336E6F1CB45F1900F957AC /* Frameworks */,
				E4B548141CA9D398004EA764 /* RateMyFashion */,
				E4B5482E1CA9D398004EA764 /* RateMyFashionTests */,
				E4B548391CA9D398004EA764 /* RateMyFashionUITests */,
				E4B548131CA9D397004EA764 /* Products */,
				77E9AA9C7F36897C785EFEEA /* Pods */,
			);
			sourceTree = "<group>";
		};
		E4B548131CA9D397004EA764 /* Products */ = {
			isa = PBXGroup;
			children = (
				E4B548121CA9D397004EA764 /* RateMyFashion.app */,
				E4B5482B1CA9D398004EA764 /* RateMyFashionTests.xctest */,
				E4B548361CA9D398004EA764 /* RateMyFashionUITests.xctest */,
			);
			name = Products;
			sourceTree = "<group>";
		};
		E4B548141CA9D398004EA764 /* RateMyFashion */ = {
			isa = PBXGroup;
			children = (
				E4B5484B1CA9D42D004EA764 /* API */,
				E4B5484A1CA9D41C004EA764 /* Controllers */,
				E4B548491CA9D414004EA764 /* Views */,
				E4B548481CA9D3B6004EA764 /* Models */,
				E4B548181CA9D398004EA764 /* AppDelegate.h */,
				E4B548191CA9D398004EA764 /* AppDelegate.m */,
				1F8171931CBDC2A1008A1563 /* Podfile */,
				E4B548211CA9D398004EA764 /* Assets.xcassets */,
				E4B548261CA9D398004EA764 /* Info.plist */,
				E4B548151CA9D398004EA764 /* Supporting Files */,
			);
			path = RateMyFashion;
			sourceTree = "<group>";
		};
		E4B548151CA9D398004EA764 /* Supporting Files */ = {
			isa = PBXGroup;
			children = (
				E4B548161CA9D398004EA764 /* main.m */,
			);
			name = "Supporting Files";
			sourceTree = "<group>";
		};
		E4B5482E1CA9D398004EA764 /* RateMyFashionTests */ = {
			isa = PBXGroup;
			children = (
				E4B5482F1CA9D398004EA764 /* RateMyFashionTests.m */,
				E4B548311CA9D398004EA764 /* Info.plist */,
			);
			path = RateMyFashionTests;
			sourceTree = "<group>";
		};
		E4B548391CA9D398004EA764 /* RateMyFashionUITests */ = {
			isa = PBXGroup;
			children = (
				E4B5483A1CA9D398004EA764 /* RateMyFashionUITests.m */,
				E4B5483C1CA9D398004EA764 /* Info.plist */,
			);
			path = RateMyFashionUITests;
			sourceTree = "<group>";
		};
		E4B548481CA9D3B6004EA764 /* Models */ = {
			isa = PBXGroup;
			children = (
				E40811A41CB5F6F30052441D /* Constants.h */,
				1F8F742A1CBED2000056127D /* Constants.m */,
				E4B54A151CAA2A8F004EA764 /* MZUser.h */,
				E4B54A161CAA2A8F004EA764 /* MZUser.m */,
				E40A7B471CB4D59000D54F93 /* MZPhoto.h */,
				E40A7B481CB4D59000D54F93 /* MZPhoto.m */,
			);
			name = Models;
			sourceTree = "<group>";
		};
		E4B548491CA9D414004EA764 /* Views */ = {
			isa = PBXGroup;
			children = (
				E4B54A101CAA2686004EA764 /* LaunchScreen.storyboard */,
				E4B5481E1CA9D398004EA764 /* Main.storyboard */,
				E42008661CC741510025F9F4 /* CustomPhotoCaptionView.h */,
				E42008671CC741510025F9F4 /* CustomPhotoCaptionView.m */,
			);
			name = Views;
			sourceTree = "<group>";
		};
		E4B5484A1CA9D41C004EA764 /* Controllers */ = {
			isa = PBXGroup;
			children = (
				1F8F742C1CBEEE200056127D /* TinderSwipe */,
				E4FE75421CC9E3B700B66D68 /* SWRevealViewController.h */,
				E4FE75431CC9E3B700B66D68 /* SWRevealViewController.m */,
				E4B5481B1CA9D398004EA764 /* LoginViewController.h */,
				E4B5481C1CA9D398004EA764 /* LoginViewController.m */,
				1FDCD7471CBEC7B700B99F19 /* SwipeViewController.h */,
				1FDCD7481CBEC7B700B99F19 /* SwipeViewController.m */,
				1F336E761CB4638900F957AC /* TestViewController.h */,
				1F336E771CB4638900F957AC /* TestViewController.m */,
				E4FE75471CC9EB9600B66D68 /* SideBarViewController.h */,
				E4FE75481CC9EB9600B66D68 /* SideBarViewController.m */,
			);
			name = Controllers;
			sourceTree = "<group>";
		};
		E4B5484B1CA9D42D004EA764 /* API */ = {
			isa = PBXGroup;
			children = (
				E4D591851CB6CCCA00649F80 /* MZApi.h */,
				E4D591861CB6CCCA00649F80 /* MZApi.m */,
			);
			name = API;
			sourceTree = "<group>";
		};
/* End PBXGroup section */

/* Begin PBXNativeTarget section */
		E4B548111CA9D397004EA764 /* RateMyFashion */ = {
			isa = PBXNativeTarget;
			buildConfigurationList = E4B5483F1CA9D398004EA764 /* Build configuration list for PBXNativeTarget "RateMyFashion" */;
			buildPhases = (
				63CBC22570DB0A7E21004F50 /* Check Pods Manifest.lock */,
				E4B5480E1CA9D397004EA764 /* Sources */,
				E4B5480F1CA9D397004EA764 /* Frameworks */,
				E4B548101CA9D397004EA764 /* Resources */,
				900BD71532428B1E88E08CD5 /* Embed Pods Frameworks */,
				0875407650468E1525A086A3 /* Copy Pods Resources */,
			);
			buildRules = (
			);
			dependencies = (
			);
			name = RateMyFashion;
			productName = RateMyFashion;
			productReference = E4B548121CA9D397004EA764 /* RateMyFashion.app */;
			productType = "com.apple.product-type.application";
		};
		E4B5482A1CA9D398004EA764 /* RateMyFashionTests */ = {
			isa = PBXNativeTarget;
			buildConfigurationList = E4B548421CA9D398004EA764 /* Build configuration list for PBXNativeTarget "RateMyFashionTests" */;
			buildPhases = (
				E4B548271CA9D398004EA764 /* Sources */,
				E4B548281CA9D398004EA764 /* Frameworks */,
				E4B548291CA9D398004EA764 /* Resources */,
			);
			buildRules = (
			);
			dependencies = (
				E4B5482D1CA9D398004EA764 /* PBXTargetDependency */,
			);
			name = RateMyFashionTests;
			productName = RateMyFashionTests;
			productReference = E4B5482B1CA9D398004EA764 /* RateMyFashionTests.xctest */;
			productType = "com.apple.product-type.bundle.unit-test";
		};
		E4B548351CA9D398004EA764 /* RateMyFashionUITests */ = {
			isa = PBXNativeTarget;
			buildConfigurationList = E4B548451CA9D398004EA764 /* Build configuration list for PBXNativeTarget "RateMyFashionUITests" */;
			buildPhases = (
				E4B548321CA9D398004EA764 /* Sources */,
				E4B548331CA9D398004EA764 /* Frameworks */,
				E4B548341CA9D398004EA764 /* Resources */,
			);
			buildRules = (
			);
			dependencies = (
				E4B548381CA9D398004EA764 /* PBXTargetDependency */,
			);
			name = RateMyFashionUITests;
			productName = RateMyFashionUITests;
			productReference = E4B548361CA9D398004EA764 /* RateMyFashionUITests.xctest */;
			productType = "com.apple.product-type.bundle.ui-testing";
		};
/* End PBXNativeTarget section */

/* Begin PBXProject section */
		E4B5480A1CA9D397004EA764 /* Project object */ = {
			isa = PBXProject;
			attributes = {
				LastUpgradeCheck = 0730;
				ORGANIZATIONNAME = MouZhang;
				TargetAttributes = {
					E4B548111CA9D397004EA764 = {
						CreatedOnToolsVersion = 7.3;
						DevelopmentTeam = 8VBS8XSEG3;
					};
					E4B5482A1CA9D398004EA764 = {
						CreatedOnToolsVersion = 7.3;
						TestTargetID = E4B548111CA9D397004EA764;
					};
					E4B548351CA9D398004EA764 = {
						CreatedOnToolsVersion = 7.3;
						TestTargetID = E4B548111CA9D397004EA764;
					};
				};
			};
			buildConfigurationList = E4B5480D1CA9D397004EA764 /* Build configuration list for PBXProject "RateMyFashion" */;
			compatibilityVersion = "Xcode 3.2";
			developmentRegion = English;
			hasScannedForEncodings = 0;
			knownRegions = (
				en,
				Base,
			);
			mainGroup = E4B548091CA9D397004EA764;
			productRefGroup = E4B548131CA9D397004EA764 /* Products */;
			projectDirPath = "";
			projectRoot = "";
			targets = (
				E4B548111CA9D397004EA764 /* RateMyFashion */,
				E4B5482A1CA9D398004EA764 /* RateMyFashionTests */,
				E4B548351CA9D398004EA764 /* RateMyFashionUITests */,
			);
		};
/* End PBXProject section */

/* Begin PBXResourcesBuildPhase section */
		E4B548101CA9D397004EA764 /* Resources */ = {
			isa = PBXResourcesBuildPhase;
			buildActionMask = 2147483647;
			files = (
				E4B54A111CAA2686004EA764 /* LaunchScreen.storyboard in Resources */,
				E4B548221CA9D398004EA764 /* Assets.xcassets in Resources */,
				1F8171941CBDC2A1008A1563 /* Podfile in Resources */,
				E4B548201CA9D398004EA764 /* Main.storyboard in Resources */,
			);
			runOnlyForDeploymentPostprocessing = 0;
		};
		E4B548291CA9D398004EA764 /* Resources */ = {
			isa = PBXResourcesBuildPhase;
			buildActionMask = 2147483647;
			files = (
			);
			runOnlyForDeploymentPostprocessing = 0;
		};
		E4B548341CA9D398004EA764 /* Resources */ = {
			isa = PBXResourcesBuildPhase;
			buildActionMask = 2147483647;
			files = (
			);
			runOnlyForDeploymentPostprocessing = 0;
		};
/* End PBXResourcesBuildPhase section */

/* Begin PBXShellScriptBuildPhase section */
		0875407650468E1525A086A3 /* Copy Pods Resources */ = {
			isa = PBXShellScriptBuildPhase;
			buildActionMask = 2147483647;
			files = (
			);
			inputPaths = (
			);
			name = "Copy Pods Resources";
			outputPaths = (
			);
			runOnlyForDeploymentPostprocessing = 0;
			shellPath = /bin/sh;
			shellScript = "\"${SRCROOT}/Pods/Target Support Files/Pods/Pods-resources.sh\"\n";
			showEnvVarsInLog = 0;
		};
		63CBC22570DB0A7E21004F50 /* Check Pods Manifest.lock */ = {
			isa = PBXShellScriptBuildPhase;
			buildActionMask = 2147483647;
			files = (
			);
			inputPaths = (
			);
			name = "Check Pods Manifest.lock";
			outputPaths = (
			);
			runOnlyForDeploymentPostprocessing = 0;
			shellPath = /bin/sh;
			shellScript = "diff \"${PODS_ROOT}/../Podfile.lock\" \"${PODS_ROOT}/Manifest.lock\" > /dev/null\nif [[ $? != 0 ]] ; then\n    cat << EOM\nerror: The sandbox is not in sync with the Podfile.lock. Run 'pod install' or update your CocoaPods installation.\nEOM\n    exit 1\nfi\n";
			showEnvVarsInLog = 0;
		};
		900BD71532428B1E88E08CD5 /* Embed Pods Frameworks */ = {
			isa = PBXShellScriptBuildPhase;
			buildActionMask = 2147483647;
			files = (
			);
			inputPaths = (
			);
			name = "Embed Pods Frameworks";
			outputPaths = (
			);
			runOnlyForDeploymentPostprocessing = 0;
			shellPath = /bin/sh;
			shellScript = "\"${SRCROOT}/Pods/Target Support Files/Pods/Pods-frameworks.sh\"\n";
			showEnvVarsInLog = 0;
		};
/* End PBXShellScriptBuildPhase section */

/* Begin PBXSourcesBuildPhase section */
		E4B5480E1CA9D397004EA764 /* Sources */ = {
			isa = PBXSourcesBuildPhase;
			buildActionMask = 2147483647;
			files = (
				1F8F74341CBEEE200056127D /* DraggableViewBackground.m in Sources */,
				E4B5481D1CA9D398004EA764 /* LoginViewController.m in Sources */,
				1FDCD7491CBEC7B700B99F19 /* SwipeViewController.m in Sources */,
				1F8F742B1CBED2000056127D /* Constants.m in Sources */,
				E40A7B491CB4D59000D54F93 /* MZPhoto.m in Sources */,
				E4B54A171CAA2A8F004EA764 /* MZUser.m in Sources */,
				1F8F74351CBEEE200056127D /* OverlayView.m in Sources */,
				1F8F74331CBEEE200056127D /* DraggableView.m in Sources */,
				E4B5481A1CA9D398004EA764 /* AppDelegate.m in Sources */,
				E42008681CC741510025F9F4 /* CustomPhotoCaptionView.m in Sources */,
				E4FE75441CC9E3B700B66D68 /* SWRevealViewController.m in Sources */,
				E4FE75491CC9EB9600B66D68 /* SideBarViewController.m in Sources */,
				E42008651CC6B7C50025F9F4 /* AsyncImageView.m in Sources */,
				E4B548171CA9D398004EA764 /* main.m in Sources */,
				E4D591871CB6CCCA00649F80 /* MZApi.m in Sources */,
				1F336E781CB4638900F957AC /* TestViewController.m in Sources */,
			);
			runOnlyForDeploymentPostprocessing = 0;
		};
		E4B548271CA9D398004EA764 /* Sources */ = {
			isa = PBXSourcesBuildPhase;
			buildActionMask = 2147483647;
			files = (
				E4B548301CA9D398004EA764 /* RateMyFashionTests.m in Sources */,
			);
			runOnlyForDeploymentPostprocessing = 0;
		};
		E4B548321CA9D398004EA764 /* Sources */ = {
			isa = PBXSourcesBuildPhase;
			buildActionMask = 2147483647;
			files = (
				E4B5483B1CA9D398004EA764 /* RateMyFashionUITests.m in Sources */,
			);
			runOnlyForDeploymentPostprocessing = 0;
		};
/* End PBXSourcesBuildPhase section */

/* Begin PBXTargetDependency section */
		E4B5482D1CA9D398004EA764 /* PBXTargetDependency */ = {
			isa = PBXTargetDependency;
			target = E4B548111CA9D397004EA764 /* RateMyFashion */;
			targetProxy = E4B5482C1CA9D398004EA764 /* PBXContainerItemProxy */;
		};
		E4B548381CA9D398004EA764 /* PBXTargetDependency */ = {
			isa = PBXTargetDependency;
			target = E4B548111CA9D397004EA764 /* RateMyFashion */;
			targetProxy = E4B548371CA9D398004EA764 /* PBXContainerItemProxy */;
		};
/* End PBXTargetDependency section */

/* Begin PBXVariantGroup section */
		E4B5481E1CA9D398004EA764 /* Main.storyboard */ = {
			isa = PBXVariantGroup;
			children = (
				E4B5481F1CA9D398004EA764 /* Base */,
			);
			name = Main.storyboard;
			sourceTree = "<group>";
		};
/* End PBXVariantGroup section */

/* Begin XCBuildConfiguration section */
		E4B5483D1CA9D398004EA764 /* Debug */ = {
			isa = XCBuildConfiguration;
			buildSettings = {
				ALWAYS_SEARCH_USER_PATHS = NO;
				CLANG_ANALYZER_NONNULL = YES;
				CLANG_CXX_LANGUAGE_STANDARD = "gnu++0x";
				CLANG_CXX_LIBRARY = "libc++";
				CLANG_ENABLE_MODULES = YES;
				CLANG_ENABLE_OBJC_ARC = YES;
				CLANG_WARN_BOOL_CONVERSION = YES;
				CLANG_WARN_CONSTANT_CONVERSION = YES;
				CLANG_WARN_DIRECT_OBJC_ISA_USAGE = YES_ERROR;
				CLANG_WARN_EMPTY_BODY = YES;
				CLANG_WARN_ENUM_CONVERSION = YES;
				CLANG_WARN_INT_CONVERSION = YES;
				CLANG_WARN_OBJC_ROOT_CLASS = YES_ERROR;
				CLANG_WARN_UNREACHABLE_CODE = YES;
				CLANG_WARN__DUPLICATE_METHOD_MATCH = YES;
				"CODE_SIGN_IDENTITY[sdk=iphoneos*]" = "iPhone Developer";
				COPY_PHASE_STRIP = NO;
				DEBUG_INFORMATION_FORMAT = dwarf;
				ENABLE_STRICT_OBJC_MSGSEND = YES;
				ENABLE_TESTABILITY = YES;
				GCC_C_LANGUAGE_STANDARD = gnu99;
				GCC_DYNAMIC_NO_PIC = NO;
				GCC_NO_COMMON_BLOCKS = YES;
				GCC_OPTIMIZATION_LEVEL = 0;
				GCC_PREPROCESSOR_DEFINITIONS = (
					"DEBUG=1",
					"$(inherited)",
				);
				GCC_WARN_64_TO_32_BIT_CONVERSION = YES;
				GCC_WARN_ABOUT_RETURN_TYPE = YES_ERROR;
				GCC_WARN_UNDECLARED_SELECTOR = YES;
				GCC_WARN_UNINITIALIZED_AUTOS = YES_AGGRESSIVE;
				GCC_WARN_UNUSED_FUNCTION = YES;
				GCC_WARN_UNUSED_VARIABLE = YES;
				IPHONEOS_DEPLOYMENT_TARGET = 9.3;
				MTL_ENABLE_DEBUG_INFO = YES;
				ONLY_ACTIVE_ARCH = YES;
				SDKROOT = iphoneos;
				TARGETED_DEVICE_FAMILY = "1,2";
			};
			name = Debug;
		};
		E4B5483E1CA9D398004EA764 /* Release */ = {
			isa = XCBuildConfiguration;
			buildSettings = {
				ALWAYS_SEARCH_USER_PATHS = NO;
				CLANG_ANALYZER_NONNULL = YES;
				CLANG_CXX_LANGUAGE_STANDARD = "gnu++0x";
				CLANG_CXX_LIBRARY = "libc++";
				CLANG_ENABLE_MODULES = YES;
				CLANG_ENABLE_OBJC_ARC = YES;
				CLANG_WARN_BOOL_CONVERSION = YES;
				CLANG_WARN_CONSTANT_CONVERSION = YES;
				CLANG_WARN_DIRECT_OBJC_ISA_USAGE = YES_ERROR;
				CLANG_WARN_EMPTY_BODY = YES;
				CLANG_WARN_ENUM_CONVERSION = YES;
				CLANG_WARN_INT_CONVERSION = YES;
				CLANG_WARN_OBJC_ROOT_CLASS = YES_ERROR;
				CLANG_WARN_UNREACHABLE_CODE = YES;
				CLANG_WARN__DUPLICATE_METHOD_MATCH = YES;
				"CODE_SIGN_IDENTITY[sdk=iphoneos*]" = "iPhone Developer";
				COPY_PHASE_STRIP = NO;
				DEBUG_INFORMATION_FORMAT = "dwarf-with-dsym";
				ENABLE_NS_ASSERTIONS = NO;
				ENABLE_STRICT_OBJC_MSGSEND = YES;
				GCC_C_LANGUAGE_STANDARD = gnu99;
				GCC_NO_COMMON_BLOCKS = YES;
				GCC_WARN_64_TO_32_BIT_CONVERSION = YES;
				GCC_WARN_ABOUT_RETURN_TYPE = YES_ERROR;
				GCC_WARN_UNDECLARED_SELECTOR = YES;
				GCC_WARN_UNINITIALIZED_AUTOS = YES_AGGRESSIVE;
				GCC_WARN_UNUSED_FUNCTION = YES;
				GCC_WARN_UNUSED_VARIABLE = YES;
				IPHONEOS_DEPLOYMENT_TARGET = 9.3;
				MTL_ENABLE_DEBUG_INFO = NO;
				SDKROOT = iphoneos;
				TARGETED_DEVICE_FAMILY = "1,2";
				VALIDATE_PRODUCT = YES;
			};
			name = Release;
		};
		E4B548401CA9D398004EA764 /* Debug */ = {
			isa = XCBuildConfiguration;
			baseConfigurationReference = B33E940CA5E99B3F953B3482 /* Pods.debug.xcconfig */;
			buildSettings = {
				ASSETCATALOG_COMPILER_APPICON_NAME = AppIcon;
				CODE_SIGN_IDENTITY = "iPhone Developer";
				FRAMEWORK_SEARCH_PATHS = (
					"$(PROJECT_DIR)",
					"$(PROJECT_DIR)/Pods",
					/Users/$USER/AsyncImageView,
				);
				INFOPLIST_FILE = RateMyFashion/Info.plist;
				LD_RUNPATH_SEARCH_PATHS = "$(inherited) @executable_path/Frameworks";
				LIBRARY_SEARCH_PATHS = (
					"$(inherited)",
					"$(PROJECT_DIR)/build/Release-iphoneos",
				);
				New_Setting = "";
				PRODUCT_BUNDLE_IDENTIFIER = MZ.RateMyFashion;
				PRODUCT_NAME = "$(TARGET_NAME)";
				VALID_ARCHS = "armv7 armv7s arm64";
			};
			name = Debug;
		};
		E4B548411CA9D398004EA764 /* Release */ = {
			isa = XCBuildConfiguration;
			baseConfigurationReference = 04C661822A84B4777F024E51 /* Pods.release.xcconfig */;
			buildSettings = {
				ASSETCATALOG_COMPILER_APPICON_NAME = AppIcon;
				CODE_SIGN_IDENTITY = "iPhone Developer";
				FRAMEWORK_SEARCH_PATHS = (
					"$(PROJECT_DIR)",
					"$(PROJECT_DIR)/Pods",
					/Users/$USER/AsyncImageView,
				);
				INFOPLIST_FILE = RateMyFashion/Info.plist;
				LD_RUNPATH_SEARCH_PATHS = "$(inherited) @executable_path/Frameworks";
				LIBRARY_SEARCH_PATHS = (
					"$(inherited)",
					"$(PROJECT_DIR)/build/Release-iphoneos",
				);
				New_Setting = "";
				PRODUCT_BUNDLE_IDENTIFIER = MZ.RateMyFashion;
				PRODUCT_NAME = "$(TARGET_NAME)";
				VALID_ARCHS = "armv7 armv7s arm64";
			};
			name = Release;
		};
		E4B548431CA9D398004EA764 /* Debug */ = {
			isa = XCBuildConfiguration;
			buildSettings = {
				BUNDLE_LOADER = "$(TEST_HOST)";
				INFOPLIST_FILE = RateMyFashionTests/Info.plist;
				LD_RUNPATH_SEARCH_PATHS = "$(inherited) @executable_path/Frameworks @loader_path/Frameworks";
				PRODUCT_BUNDLE_IDENTIFIER = MZ.RateMyFashionTests;
				PRODUCT_NAME = "$(TARGET_NAME)";
				TEST_HOST = "$(BUILT_PRODUCTS_DIR)/RateMyFashion.app/RateMyFashion";
			};
			name = Debug;
		};
		E4B548441CA9D398004EA764 /* Release */ = {
			isa = XCBuildConfiguration;
			buildSettings = {
				BUNDLE_LOADER = "$(TEST_HOST)";
				INFOPLIST_FILE = RateMyFashionTests/Info.plist;
				LD_RUNPATH_SEARCH_PATHS = "$(inherited) @executable_path/Frameworks @loader_path/Frameworks";
				PRODUCT_BUNDLE_IDENTIFIER = MZ.RateMyFashionTests;
				PRODUCT_NAME = "$(TARGET_NAME)";
				TEST_HOST = "$(BUILT_PRODUCTS_DIR)/RateMyFashion.app/RateMyFashion";
			};
			name = Release;
		};
		E4B548461CA9D398004EA764 /* Debug */ = {
			isa = XCBuildConfiguration;
			buildSettings = {
				INFOPLIST_FILE = RateMyFashionUITests/Info.plist;
				LD_RUNPATH_SEARCH_PATHS = "$(inherited) @executable_path/Frameworks @loader_path/Frameworks";
				PRODUCT_BUNDLE_IDENTIFIER = MZ.RateMyFashionUITests;
				PRODUCT_NAME = "$(TARGET_NAME)";
				TEST_TARGET_NAME = RateMyFashion;
			};
			name = Debug;
		};
		E4B548471CA9D398004EA764 /* Release */ = {
			isa = XCBuildConfiguration;
			buildSettings = {
				INFOPLIST_FILE = RateMyFashionUITests/Info.plist;
				LD_RUNPATH_SEARCH_PATHS = "$(inherited) @executable_path/Frameworks @loader_path/Frameworks";
				PRODUCT_BUNDLE_IDENTIFIER = MZ.RateMyFashionUITests;
				PRODUCT_NAME = "$(TARGET_NAME)";
				TEST_TARGET_NAME = RateMyFashion;
			};
			name = Release;
		};
/* End XCBuildConfiguration section */

/* Begin XCConfigurationList section */
		E4B5480D1CA9D397004EA764 /* Build configuration list for PBXProject "RateMyFashion" */ = {
			isa = XCConfigurationList;
			buildConfigurations = (
				E4B5483D1CA9D398004EA764 /* Debug */,
				E4B5483E1CA9D398004EA764 /* Release */,
			);
			defaultConfigurationIsVisible = 0;
			defaultConfigurationName = Release;
		};
		E4B5483F1CA9D398004EA764 /* Build configuration list for PBXNativeTarget "RateMyFashion" */ = {
			isa = XCConfigurationList;
			buildConfigurations = (
				E4B548401CA9D398004EA764 /* Debug */,
				E4B548411CA9D398004EA764 /* Release */,
			);
			defaultConfigurationIsVisible = 0;
			defaultConfigurationName = Release;
		};
		E4B548421CA9D398004EA764 /* Build configuration list for PBXNativeTarget "RateMyFashionTests" */ = {
			isa = XCConfigurationList;
			buildConfigurations = (
				E4B548431CA9D398004EA764 /* Debug */,
				E4B548441CA9D398004EA764 /* Release */,
			);
			defaultConfigurationIsVisible = 0;
			defaultConfigurationName = Release;
		};
		E4B548451CA9D398004EA764 /* Build configuration list for PBXNativeTarget "RateMyFashionUITests" */ = {
			isa = XCConfigurationList;
			buildConfigurations = (
				E4B548461CA9D398004EA764 /* Debug */,
				E4B548471CA9D398004EA764 /* Release */,
			);
			defaultConfigurationIsVisible = 0;
			defaultConfigurationName = Release;
		};
/* End XCConfigurationList section */
	};
	rootObject = E4B5480A1CA9D397004EA764 /* Project object */;
}
